
Microsoft Visual Studio Solution File, Format Version 12.00
# Visual Studio Express 2012 for Windows Desktop
Project("{FAE04EC0-301F-11D3-BF4B-00C04F79EFBC}") = "Serpientes y escaleras", "Serpientes y escaleras\Serpientes y escaleras.csproj", "{B9AD33EB-C4DC-4690-BB59-A096D8D7355B}"
EndProject
Global
	GlobalSection(SolutionConfigurationPlatforms) = preSolution
		Debug|Any CPU = Debug|Any CPU
		Release|Any CPU = Release|Any CPU
	EndGlobalSection
	GlobalSection(ProjectConfigurationPlatforms) = postSolution
		{B9AD33EB-C4DC-4690-BB59-A096D8D7355B}.Debug|Any CPU.ActiveCfg = Debug|Any CPU
		{B9AD33EB-C4DC-4690-BB59-A096D8D7355B}.Debug|Any CPU.Build.0 = Debug|Any CPU
		{B9AD33EB-C4DC-4690-BB59-A096D8D7355B}.Release|Any CPU.ActiveCfg = Release|Any CPU
		{B9AD33EB-C4DC-4690-BB59-A096D8D7355B}.Release|Any CPU.Build.0 = Release|Any CPU
	EndGlobalSection
	GlobalSection(SolutionProperties) = preSolution
		HideSolutionNode = FALSE
	EndGlobalSection
EndGlobal
